
Microsoft Visual Studio Solution File, Format Version 12.00
# Visual Studio 2013
VisualStudioVersion = 12.0.21005.1
MinimumVisualStudioVersion = 10.0.40219.1
Project("{FAE04EC0-301F-11D3-BF4B-00C04F79EFBC}") = "01_装箱与拆箱", "01_装箱与拆箱\01_装箱与拆箱.csproj", "{2D7177C8-F2B4-44F7-B902-31D3743D2227}"
EndProject
Project("{FAE04EC0-301F-11D3-BF4B-00C04F79EFBC}") = "02_自定义泛型", "03_自定义泛型\02_自定义泛型.csproj", "{12A0BE50-A2F1-4AFE-B3C2-8786D240BDDF}"
EndProject
Project("{FAE04EC0-301F-11D3-BF4B-00C04F79EFBC}") = "03_泛型作用之一：算法重用", "03_泛型作用之一：算法重用\03_泛型作用之一：算法重用.csproj", "{9BE18796-EB3B-468B-BF59-C10EC8B709AC}"
EndProject
Project("{FAE04EC0-301F-11D3-BF4B-00C04F79EFBC}") = "04_泛型约束", "04_泛型约束\04_泛型约束.csproj", "{A381CBDF-7BBA-4785-AEF5-D97170FC0122}"
EndProject
Global
	GlobalSection(SolutionConfigurationPlatforms) = preSolution
		Debug|Any CPU = Debug|Any CPU
		Release|Any CPU = Release|Any CPU
	EndGlobalSection
	GlobalSection(ProjectConfigurationPlatforms) = postSolution
		{2D7177C8-F2B4-44F7-B902-31D3743D2227}.Debug|Any CPU.ActiveCfg = Debug|Any CPU
		{2D7177C8-F2B4-44F7-B902-31D3743D2227}.Debug|Any CPU.Build.0 = Debug|Any CPU
		{2D7177C8-F2B4-44F7-B902-31D3743D2227}.Release|Any CPU.ActiveCfg = Release|Any CPU
		{2D7177C8-F2B4-44F7-B902-31D3743D2227}.Release|Any CPU.Build.0 = Release|Any CPU
		{12A0BE50-A2F1-4AFE-B3C2-8786D240BDDF}.Debug|Any CPU.ActiveCfg = Debug|Any CPU
		{12A0BE50-A2F1-4AFE-B3C2-8786D240BDDF}.Debug|Any CPU.Build.0 = Debug|Any CPU
		{12A0BE50-A2F1-4AFE-B3C2-8786D240BDDF}.Release|Any CPU.ActiveCfg = Release|Any CPU
		{12A0BE50-A2F1-4AFE-B3C2-8786D240BDDF}.Release|Any CPU.Build.0 = Release|Any CPU
		{9BE18796-EB3B-468B-BF59-C10EC8B709AC}.Debug|Any CPU.ActiveCfg = Debug|Any CPU
		{9BE18796-EB3B-468B-BF59-C10EC8B709AC}.Debug|Any CPU.Build.0 = Debug|Any CPU
		{9BE18796-EB3B-468B-BF59-C10EC8B709AC}.Release|Any CPU.ActiveCfg = Release|Any CPU
		{9BE18796-EB3B-468B-BF59-C10EC8B709AC}.Release|Any CPU.Build.0 = Release|Any CPU
		{A381CBDF-7BBA-4785-AEF5-D97170FC0122}.Debug|Any CPU.ActiveCfg = Debug|Any CPU
		{A381CBDF-7BBA-4785-AEF5-D97170FC0122}.Debug|Any CPU.Build.0 = Debug|Any CPU
		{A381CBDF-7BBA-4785-AEF5-D97170FC0122}.Release|Any CPU.ActiveCfg = Release|Any CPU
		{A381CBDF-7BBA-4785-AEF5-D97170FC0122}.Release|Any CPU.Build.0 = Release|Any CPU
	EndGlobalSection
	GlobalSection(SolutionProperties) = preSolution
		HideSolutionNode = FALSE
	EndGlobalSection
EndGlobal
