
Microsoft Visual Studio Solution File, Format Version 12.00
# Visual Studio 2013
VisualStudioVersion = 12.0.21005.1
MinimumVisualStudioVersion = 10.0.40219.1
Project("{FAE04EC0-301F-11D3-BF4B-00C04F79EFBC}") = "01练习", "01练习\01练习.csproj", "{14442973-2D42-4AE7-BC1A-11BBE9CB3479}"
EndProject
Project("{FAE04EC0-301F-11D3-BF4B-00C04F79EFBC}") = "01_JiSuanQi", "01_JiSuanQi\01_JiSuanQi.csproj", "{61A02D92-7973-4ED8-A043-A17D55BDC3C6}"
EndProject
Global
	GlobalSection(SolutionConfigurationPlatforms) = preSolution
		Debug|Any CPU = Debug|Any CPU
		Release|Any CPU = Release|Any CPU
	EndGlobalSection
	GlobalSection(ProjectConfigurationPlatforms) = postSolution
		{14442973-2D42-4AE7-BC1A-11BBE9CB3479}.Debug|Any CPU.ActiveCfg = Debug|Any CPU
		{14442973-2D42-4AE7-BC1A-11BBE9CB3479}.Debug|Any CPU.Build.0 = Debug|Any CPU
		{14442973-2D42-4AE7-BC1A-11BBE9CB3479}.Release|Any CPU.ActiveCfg = Release|Any CPU
		{14442973-2D42-4AE7-BC1A-11BBE9CB3479}.Release|Any CPU.Build.0 = Release|Any CPU
		{61A02D92-7973-4ED8-A043-A17D55BDC3C6}.Debug|Any CPU.ActiveCfg = Debug|Any CPU
		{61A02D92-7973-4ED8-A043-A17D55BDC3C6}.Debug|Any CPU.Build.0 = Debug|Any CPU
		{61A02D92-7973-4ED8-A043-A17D55BDC3C6}.Release|Any CPU.ActiveCfg = Release|Any CPU
		{61A02D92-7973-4ED8-A043-A17D55BDC3C6}.Release|Any CPU.Build.0 = Release|Any CPU
	EndGlobalSection
	GlobalSection(SolutionProperties) = preSolution
		HideSolutionNode = FALSE
	EndGlobalSection
EndGlobal
