
Microsoft Visual Studio Solution File, Format Version 12.00
# Visual Studio 2013
VisualStudioVersion = 12.0.21005.1
MinimumVisualStudioVersion = 10.0.40219.1
Project("{FAE04EC0-301F-11D3-BF4B-00C04F79EFBC}") = "WebApp", "WebApp\WebApp.csproj", "{6FA2324F-1CB9-4D51-9AEE-42C0435E063A}"
EndProject
Project("{FAE04EC0-301F-11D3-BF4B-00C04F79EFBC}") = "02_捕获多种异常", "02_捕获多种异常\02_捕获多种异常.csproj", "{A164CA9D-D8B7-4EC1-AEA5-8F31CEBF697C}"
EndProject
Project("{FAE04EC0-301F-11D3-BF4B-00C04F79EFBC}") = "01_异常处理练习", "01_异常处理练习\01_异常处理练习.csproj", "{6922268D-3C1E-4BDF-B21F-4593721A8C24}"
EndProject
Project("{FAE04EC0-301F-11D3-BF4B-00C04F79EFBC}") = "03_异常处理代码执行顺序", "03_异常处理代码执行顺序\03_异常处理代码执行顺序.csproj", "{10A25A0D-A92A-4084-9605-6BF83CF934E2}"
EndProject
Project("{FAE04EC0-301F-11D3-BF4B-00C04F79EFBC}") = "04_主动抛出异常", "04_主动抛出异常\04_主动抛出异常.csproj", "{B16B3724-55DF-4537-95DC-051766E19A5D}"
EndProject
Project("{FAE04EC0-301F-11D3-BF4B-00C04F79EFBC}") = "05_catch块中向上抛出异常", "05_catch块中向上抛出异常\05_catch块中向上抛出异常.csproj", "{1747A118-AB50-4F19-8F0A-BDF5C9D375BB}"
EndProject
Project("{FAE04EC0-301F-11D3-BF4B-00C04F79EFBC}") = "06_判断两个对象是否是同一个对象", "06_判断两个对象是否是同一个对象\06_判断两个对象是否是同一个对象.csproj", "{E0FA9398-51A4-4103-BA1A-41446B4190DB}"
EndProject
Project("{FAE04EC0-301F-11D3-BF4B-00C04F79EFBC}") = "07_可变参数", "07_可变参数\07_可变参数.csproj", "{8DD1BCAC-77C5-4D93-95DE-A0C6D8F017EA}"
EndProject
Project("{FAE04EC0-301F-11D3-BF4B-00C04F79EFBC}") = "08_ref与out", "08_ref与out\08_ref与out.csproj", "{E871CB8F-D6AE-4152-9BFE-34EF8A811CDA}"
EndProject
Project("{FAE04EC0-301F-11D3-BF4B-00C04F79EFBC}") = "09_ref与out参数练习", "09_ref与out参数练习\09_ref与out参数练习.csproj", "{71EC937E-E8AE-42D3-9E70-2DD9913ACAE8}"
EndProject
Global
	GlobalSection(SolutionConfigurationPlatforms) = preSolution
		Debug|Any CPU = Debug|Any CPU
		Release|Any CPU = Release|Any CPU
	EndGlobalSection
	GlobalSection(ProjectConfigurationPlatforms) = postSolution
		{6FA2324F-1CB9-4D51-9AEE-42C0435E063A}.Debug|Any CPU.ActiveCfg = Debug|Any CPU
		{6FA2324F-1CB9-4D51-9AEE-42C0435E063A}.Debug|Any CPU.Build.0 = Debug|Any CPU
		{6FA2324F-1CB9-4D51-9AEE-42C0435E063A}.Release|Any CPU.ActiveCfg = Release|Any CPU
		{6FA2324F-1CB9-4D51-9AEE-42C0435E063A}.Release|Any CPU.Build.0 = Release|Any CPU
		{A164CA9D-D8B7-4EC1-AEA5-8F31CEBF697C}.Debug|Any CPU.ActiveCfg = Debug|Any CPU
		{A164CA9D-D8B7-4EC1-AEA5-8F31CEBF697C}.Debug|Any CPU.Build.0 = Debug|Any CPU
		{A164CA9D-D8B7-4EC1-AEA5-8F31CEBF697C}.Release|Any CPU.ActiveCfg = Release|Any CPU
		{A164CA9D-D8B7-4EC1-AEA5-8F31CEBF697C}.Release|Any CPU.Build.0 = Release|Any CPU
		{6922268D-3C1E-4BDF-B21F-4593721A8C24}.Debug|Any CPU.ActiveCfg = Debug|Any CPU
		{6922268D-3C1E-4BDF-B21F-4593721A8C24}.Debug|Any CPU.Build.0 = Debug|Any CPU
		{6922268D-3C1E-4BDF-B21F-4593721A8C24}.Release|Any CPU.ActiveCfg = Release|Any CPU
		{6922268D-3C1E-4BDF-B21F-4593721A8C24}.Release|Any CPU.Build.0 = Release|Any CPU
		{10A25A0D-A92A-4084-9605-6BF83CF934E2}.Debug|Any CPU.ActiveCfg = Debug|Any CPU
		{10A25A0D-A92A-4084-9605-6BF83CF934E2}.Debug|Any CPU.Build.0 = Debug|Any CPU
		{10A25A0D-A92A-4084-9605-6BF83CF934E2}.Release|Any CPU.ActiveCfg = Release|Any CPU
		{10A25A0D-A92A-4084-9605-6BF83CF934E2}.Release|Any CPU.Build.0 = Release|Any CPU
		{B16B3724-55DF-4537-95DC-051766E19A5D}.Debug|Any CPU.ActiveCfg = Debug|Any CPU
		{B16B3724-55DF-4537-95DC-051766E19A5D}.Debug|Any CPU.Build.0 = Debug|Any CPU
		{B16B3724-55DF-4537-95DC-051766E19A5D}.Release|Any CPU.ActiveCfg = Release|Any CPU
		{B16B3724-55DF-4537-95DC-051766E19A5D}.Release|Any CPU.Build.0 = Release|Any CPU
		{1747A118-AB50-4F19-8F0A-BDF5C9D375BB}.Debug|Any CPU.ActiveCfg = Debug|Any CPU
		{1747A118-AB50-4F19-8F0A-BDF5C9D375BB}.Debug|Any CPU.Build.0 = Debug|Any CPU
		{1747A118-AB50-4F19-8F0A-BDF5C9D375BB}.Release|Any CPU.ActiveCfg = Release|Any CPU
		{1747A118-AB50-4F19-8F0A-BDF5C9D375BB}.Release|Any CPU.Build.0 = Release|Any CPU
		{E0FA9398-51A4-4103-BA1A-41446B4190DB}.Debug|Any CPU.ActiveCfg = Debug|Any CPU
		{E0FA9398-51A4-4103-BA1A-41446B4190DB}.Debug|Any CPU.Build.0 = Debug|Any CPU
		{E0FA9398-51A4-4103-BA1A-41446B4190DB}.Release|Any CPU.ActiveCfg = Release|Any CPU
		{E0FA9398-51A4-4103-BA1A-41446B4190DB}.Release|Any CPU.Build.0 = Release|Any CPU
		{8DD1BCAC-77C5-4D93-95DE-A0C6D8F017EA}.Debug|Any CPU.ActiveCfg = Debug|Any CPU
		{8DD1BCAC-77C5-4D93-95DE-A0C6D8F017EA}.Debug|Any CPU.Build.0 = Debug|Any CPU
		{8DD1BCAC-77C5-4D93-95DE-A0C6D8F017EA}.Release|Any CPU.ActiveCfg = Release|Any CPU
		{8DD1BCAC-77C5-4D93-95DE-A0C6D8F017EA}.Release|Any CPU.Build.0 = Release|Any CPU
		{E871CB8F-D6AE-4152-9BFE-34EF8A811CDA}.Debug|Any CPU.ActiveCfg = Debug|Any CPU
		{E871CB8F-D6AE-4152-9BFE-34EF8A811CDA}.Debug|Any CPU.Build.0 = Debug|Any CPU
		{E871CB8F-D6AE-4152-9BFE-34EF8A811CDA}.Release|Any CPU.ActiveCfg = Release|Any CPU
		{E871CB8F-D6AE-4152-9BFE-34EF8A811CDA}.Release|Any CPU.Build.0 = Release|Any CPU
		{71EC937E-E8AE-42D3-9E70-2DD9913ACAE8}.Debug|Any CPU.ActiveCfg = Debug|Any CPU
		{71EC937E-E8AE-42D3-9E70-2DD9913ACAE8}.Debug|Any CPU.Build.0 = Debug|Any CPU
		{71EC937E-E8AE-42D3-9E70-2DD9913ACAE8}.Release|Any CPU.ActiveCfg = Release|Any CPU
		{71EC937E-E8AE-42D3-9E70-2DD9913ACAE8}.Release|Any CPU.Build.0 = Release|Any CPU
	EndGlobalSection
	GlobalSection(SolutionProperties) = preSolution
		HideSolutionNode = FALSE
	EndGlobalSection
EndGlobal
